{
  "name": "@medialit/web",
  "version": "0.1.0",
  "lockfileVersion": 3,
  "requires": true,
  "packages": {
    "": {
      "name": "@medialit/web",
      "version": "0.1.0",
      "dependencies": {
        "@courselit/components-library": "^0.38.1",
        "@radix-ui/react-icons": "^1.3.0",
        "mongodb": "^6.2.0",
        "mongoose": "^6.2.7",
        "next": "13.5.6",
        "next-auth": "^4.24.3",
        "nodemailer": "^6.7.2",
        "react": "^18",
        "react-dom": "^18",
        "react-icons": "^4.11.0"
      },
      "devDependencies": {
        "@types/json-schema": "^7.0.14",
        "@types/node": "^20",
        "@types/nodemailer": "^6.4.13",
        "@types/react": "^18",
        "@types/react-dom": "^18",
        "autoprefixer": "^10",
        "eslint": "^8",
        "eslint-config-next": "13.5.6",
        "postcss": "^8",
        "tailwindcss": "^3",
        "typescript": "^5"
      }
    },
    "../../node_modules/.pnpm/@courselit+components-library@0.38.1_@codemirror+view@6.22.0_@emotion+react@11.11.1_@lezer+co_66gczrwkzldn4hwddjrbwqxtrq/node_modules/@courselit/components-library": {
      "version": "0.38.1",
      "license": "MIT",
      "dependencies": {
        "@courselit/common-models": "^0.38.1",
        "@courselit/icons": "^0.3.1",
        "@courselit/state-management": "^0.38.1",
        "@courselit/text-editor": "^0.15.1",
        "@courselit/utils": "^0.38.1",
        "@radix-ui/react-avatar": "^1.0.3",
        "@radix-ui/react-checkbox": "^1.0.4",
        "@radix-ui/react-dialog": "^1.0.4",
        "@radix-ui/react-dropdown-menu": "^2.0.5",
        "@radix-ui/react-form": "^0.0.3",
        "@radix-ui/react-switch": "^1.0.3",
        "@radix-ui/react-tabs": "^1.0.4",
        "@radix-ui/react-toast": "^1.1.4",
        "@radix-ui/react-tooltip": "^1.0.6",
        "currency-symbol-map": "^5.1.0",
        "react-dom": "^18.2.0"
      },
      "devDependencies": {
        "@types/react": "^17.0.43",
        "rimraf": "^4.1.1",
        "tailwind-config": "^0.3.1",
        "tsconfig": "^0.3.1",
        "tsup": "6.6.0",
        "typescript": "^5.1.6"
      },
      "peerDependencies": {
        "next": "^13.4.11",
        "react": "^18.2.0"
      }
    },
    "../../node_modules/.pnpm/@radix-ui+react-icons@1.3.0_react@18.2.0/node_modules/@radix-ui/react-icons": {
      "version": "1.3.0",
      "license": "MIT",
      "devDependencies": {
        "@modulz/generate-icon-lib": "^0.2.1",
        "tsdx": "0.14.0"
      },
      "peerDependencies": {
        "react": "^16.x || ^17.x || ^18.x"
      }
    },
    "../../node_modules/.pnpm/@types+json-schema@7.0.14/node_modules/@types/json-schema": {
      "version": "7.0.14",
      "dev": true,
      "license": "MIT"
    },
    "../../node_modules/.pnpm/@types+node@20.8.7/node_modules/@types/node": {
      "version": "20.8.7",
      "dev": true,
      "license": "MIT",
      "dependencies": {
        "undici-types": "~5.25.1"
      }
    },
    "../../node_modules/.pnpm/@types+nodemailer@6.4.13/node_modules/@types/nodemailer": {
      "version": "6.4.13",
      "dev": true,
      "license": "MIT",
      "dependencies": {
        "@types/node": "*"
      }
    },
    "../../node_modules/.pnpm/@types+react-dom@18.2.14/node_modules/@types/react-dom": {
      "version": "18.2.14",
      "dev": true,
      "license": "MIT",
      "dependencies": {
        "@types/react": "*"
      }
    },
    "../../node_modules/.pnpm/@types+react@18.2.31/node_modules/@types/react": {
      "version": "18.2.31",
      "dev": true,
      "license": "MIT",
      "dependencies": {
        "@types/prop-types": "*",
        "@types/scheduler": "*",
        "csstype": "^3.0.2"
      }
    },
    "../../node_modules/.pnpm/autoprefixer@10.4.16_postcss@8.4.31/node_modules/autoprefixer": {
      "version": "10.4.16",
      "dev": true,
      "funding": [
        {
          "type": "opencollective",
          "url": "https://opencollective.com/postcss/"
        },
        {
          "type": "tidelift",
          "url": "https://tidelift.com/funding/github/npm/autoprefixer"
        },
        {
          "type": "github",
          "url": "https://github.com/sponsors/ai"
        }
      ],
      "license": "MIT",
      "dependencies": {
        "browserslist": "^4.21.10",
        "caniuse-lite": "^1.0.30001538",
        "fraction.js": "^4.3.6",
        "normalize-range": "^0.1.2",
        "picocolors": "^1.0.0",
        "postcss-value-parser": "^4.2.0"
      },
      "bin": {
        "autoprefixer": "bin/autoprefixer"
      },
      "engines": {
        "node": "^10 || ^12 || >=14"
      },
      "peerDependencies": {
        "postcss": "^8.1.0"
      }
    },
    "../../node_modules/.pnpm/eslint-config-next@13.5.6_eslint@8.51.0_typescript@5.2.2/node_modules/eslint-config-next": {
      "version": "13.5.6",
      "dev": true,
      "license": "MIT",
      "dependencies": {
        "@next/eslint-plugin-next": "13.5.6",
        "@rushstack/eslint-patch": "^1.3.3",
        "@typescript-eslint/parser": "^5.4.2 || ^6.0.0",
        "eslint-import-resolver-node": "^0.3.6",
        "eslint-import-resolver-typescript": "^3.5.2",
        "eslint-plugin-import": "^2.28.1",
        "eslint-plugin-jsx-a11y": "^6.7.1",
        "eslint-plugin-react": "^7.33.2",
        "eslint-plugin-react-hooks": "^4.5.0 || 5.0.0-canary-7118f5dd7-20230705"
      },
      "peerDependencies": {
        "eslint": "^7.23.0 || ^8.0.0",
        "typescript": ">=3.3.1"
      },
      "peerDependenciesMeta": {
        "typescript": {
          "optional": true
        }
      }
    },
    "../../node_modules/.pnpm/eslint@8.51.0/node_modules/eslint": {
      "version": "8.51.0",
      "dev": true,
      "license": "MIT",
      "dependencies": {
        "@eslint-community/eslint-utils": "^4.2.0",
        "@eslint-community/regexpp": "^4.6.1",
        "@eslint/eslintrc": "^2.1.2",
        "@eslint/js": "8.51.0",
        "@humanwhocodes/config-array": "^0.11.11",
        "@humanwhocodes/module-importer": "^1.0.1",
        "@nodelib/fs.walk": "^1.2.8",
        "ajv": "^6.12.4",
        "chalk": "^4.0.0",
        "cross-spawn": "^7.0.2",
        "debug": "^4.3.2",
        "doctrine": "^3.0.0",
        "escape-string-regexp": "^4.0.0",
        "eslint-scope": "^7.2.2",
        "eslint-visitor-keys": "^3.4.3",
        "espree": "^9.6.1",
        "esquery": "^1.4.2",
        "esutils": "^2.0.2",
        "fast-deep-equal": "^3.1.3",
        "file-entry-cache": "^6.0.1",
        "find-up": "^5.0.0",
        "glob-parent": "^6.0.2",
        "globals": "^13.19.0",
        "graphemer": "^1.4.0",
        "ignore": "^5.2.0",
        "imurmurhash": "^0.1.4",
        "is-glob": "^4.0.0",
        "is-path-inside": "^3.0.3",
        "js-yaml": "^4.1.0",
        "json-stable-stringify-without-jsonify": "^1.0.1",
        "levn": "^0.4.1",
        "lodash.merge": "^4.6.2",
        "minimatch": "^3.1.2",
        "natural-compare": "^1.4.0",
        "optionator": "^0.9.3",
        "strip-ansi": "^6.0.1",
        "text-table": "^0.2.0"
      },
      "bin": {
        "eslint": "bin/eslint.js"
      },
      "devDependencies": {
        "@babel/core": "^7.4.3",
        "@babel/preset-env": "^7.4.3",
        "@wdio/browser-runner": "^8.14.6",
        "@wdio/cli": "^8.14.6",
        "@wdio/concise-reporter": "^8.14.0",
        "@wdio/globals": "^8.14.6",
        "@wdio/mocha-framework": "^8.14.0",
        "babel-loader": "^8.0.5",
        "c8": "^7.12.0",
        "chai": "^4.0.1",
        "cheerio": "^0.22.0",
        "common-tags": "^1.8.0",
        "core-js": "^3.1.3",
        "ejs": "^3.0.2",
        "eslint": "file:.",
        "eslint-config-eslint": "file:packages/eslint-config-eslint",
        "eslint-plugin-eslint-comments": "^3.2.0",
        "eslint-plugin-eslint-plugin": "^5.1.0",
        "eslint-plugin-internal-rules": "file:tools/internal-rules",
        "eslint-plugin-jsdoc": "^46.2.5",
        "eslint-plugin-n": "^16.0.0",
        "eslint-plugin-unicorn": "^42.0.0",
        "eslint-release": "^3.2.0",
        "eslump": "^3.0.0",
        "esprima": "^4.0.1",
        "fast-glob": "^3.2.11",
        "fs-teardown": "^0.1.3",
        "glob": "^7.1.6",
        "got": "^11.8.3",
        "gray-matter": "^4.0.3",
        "lint-staged": "^11.0.0",
        "load-perf": "^0.2.0",
        "markdownlint": "^0.25.1",
        "markdownlint-cli": "^0.31.1",
        "marked": "^4.0.8",
        "memfs": "^3.0.1",
        "metascraper": "^5.25.7",
        "metascraper-description": "^5.25.7",
        "metascraper-image": "^5.29.3",
        "metascraper-logo": "^5.25.7",
        "metascraper-logo-favicon": "^5.25.7",
        "metascraper-title": "^5.25.7",
        "mocha": "^8.3.2",
        "mocha-junit-reporter": "^2.0.0",
        "node-polyfill-webpack-plugin": "^1.0.3",
        "npm-license": "^0.3.3",
        "pirates": "^4.0.5",
        "progress": "^2.0.3",
        "proxyquire": "^2.0.1",
        "recast": "^0.20.4",
        "regenerator-runtime": "^0.13.2",
        "rollup-plugin-node-polyfills": "^0.2.1",
        "semver": "^7.5.3",
        "shelljs": "^0.8.2",
        "sinon": "^11.0.0",
        "vite-plugin-commonjs": "^0.8.2",
        "webdriverio": "^8.14.6",
        "webpack": "^5.23.0",
        "webpack-cli": "^4.5.0",
        "yorkie": "^2.0.0"
      },
      "engines": {
        "node": "^12.22.0 || ^14.17.0 || >=16.0.0"
      },
      "funding": {
        "url": "https://opencollective.com/eslint"
      }
    },
    "../../node_modules/.pnpm/mongodb@6.2.0/node_modules/mongodb": {
      "version": "6.2.0",
      "license": "Apache-2.0",
      "dependencies": {
        "@mongodb-js/saslprep": "^1.1.0",
        "bson": "^6.2.0",
        "mongodb-connection-string-url": "^2.6.0"
      },
      "devDependencies": {
        "@iarna/toml": "^2.2.5",
        "@istanbuljs/nyc-config-typescript": "^1.0.2",
        "@microsoft/api-extractor": "^7.36.4",
        "@microsoft/tsdoc-config": "^0.16.2",
        "@mongodb-js/zstd": "^1.1.0",
        "@octokit/core": "^4.2.4",
        "@types/chai": "^4.3.5",
        "@types/chai-subset": "^1.3.3",
        "@types/express": "^4.17.17",
        "@types/kerberos": "^1.1.2",
        "@types/mocha": "^10.0.1",
        "@types/node": "^20.5.9",
        "@types/saslprep": "^1.0.1",
        "@types/semver": "^7.5.0",
        "@types/sinon": "^10.0.16",
        "@types/sinon-chai": "^3.2.9",
        "@types/whatwg-url": "^11.0.0",
        "@typescript-eslint/eslint-plugin": "^5.62.0",
        "@typescript-eslint/parser": "^5.62.0",
        "chai": "^4.3.7",
        "chai-subset": "^1.6.0",
        "chalk": "^4.1.2",
        "eslint": "^8.48.0",
        "eslint-config-prettier": "^8.10.0",
        "eslint-plugin-import": "^2.28.1",
        "eslint-plugin-prettier": "^4.2.1",
        "eslint-plugin-simple-import-sort": "^10.0.0",
        "eslint-plugin-tsdoc": "^0.2.17",
        "eslint-plugin-unused-imports": "^2.0.0",
        "express": "^4.18.2",
        "gcp-metadata": "^5.2.0",
        "js-yaml": "^4.1.0",
        "mocha": "^10.2.0",
        "mocha-sinon": "^2.1.2",
        "mongodb-client-encryption": "^6.0.0",
        "mongodb-legacy": "^6.0.0",
        "nyc": "^15.1.0",
        "prettier": "^2.8.8",
        "semver": "^7.5.4",
        "sinon": "^15.2.0",
        "sinon-chai": "^3.7.0",
        "snappy": "^7.2.2",
        "socks": "^2.7.1",
        "source-map-support": "^0.5.21",
        "ts-node": "^10.9.1",
        "tsd": "^0.28.1",
        "typescript": "^5.0.4",
        "typescript-cached-transpile": "^0.0.6",
        "v8-heapsnapshot": "^1.3.1",
        "yargs": "^17.7.2"
      },
      "engines": {
        "node": ">=16.20.1"
      },
      "peerDependencies": {
        "@aws-sdk/credential-providers": "^3.188.0",
        "@mongodb-js/zstd": "^1.1.0",
        "gcp-metadata": "^5.2.0",
        "kerberos": "^2.0.1",
        "mongodb-client-encryption": ">=6.0.0 <7",
        "snappy": "^7.2.2",
        "socks": "^2.7.1"
      },
      "peerDependenciesMeta": {
        "@aws-sdk/credential-providers": {
          "optional": true
        },
        "@mongodb-js/zstd": {
          "optional": true
        },
        "gcp-metadata": {
          "optional": true
        },
        "kerberos": {
          "optional": true
        },
        "mongodb-client-encryption": {
          "optional": true
        },
        "snappy": {
          "optional": true
        },
        "socks": {
          "optional": true
        }
      }
    },
    "../../node_modules/.pnpm/mongoose@6.12.1/node_modules/mongoose": {
      "version": "6.12.1",
      "license": "MIT",
      "dependencies": {
        "bson": "^4.7.2",
        "kareem": "2.5.1",
        "mongodb": "4.17.1",
        "mpath": "0.9.0",
        "mquery": "4.0.3",
        "ms": "2.1.3",
        "sift": "16.0.1"
      },
      "devDependencies": {
        "@babel/core": "7.20.12",
        "@babel/preset-env": "7.20.2",
        "@typescript-eslint/eslint-plugin": "5.50.0",
        "@typescript-eslint/parser": "5.50.0",
        "acquit": "1.3.0",
        "acquit-ignore": "0.2.1",
        "acquit-require": "0.1.1",
        "assert-browserify": "2.0.0",
        "axios": "1.1.3",
        "babel-loader": "8.2.5",
        "benchmark": "2.1.4",
        "bluebird": "3.7.2",
        "broken-link-checker": "^0.7.8",
        "buffer": "^5.6.0",
        "cheerio": "1.0.0-rc.12",
        "crypto-browserify": "3.12.0",
        "dotenv": "16.0.3",
        "dox": "1.0.0",
        "eslint": "8.33.0",
        "eslint-plugin-markdown": "^3.0.0",
        "eslint-plugin-mocha-no-only": "1.1.1",
        "express": "^4.18.1",
        "fs-extra": "~11.1.1",
        "highlight.js": "11.7.0",
        "lodash.isequal": "4.5.0",
        "lodash.isequalwith": "4.4.0",
        "marked": "4.2.12",
        "mkdirp": "^2.1.3",
        "mocha": "10.2.0",
        "moment": "2.x",
        "mongodb-memory-server": "8.11.4",
        "ncp": "^2.0.0",
        "nyc": "15.1.0",
        "pug": "3.0.2",
        "q": "1.5.1",
        "sinon": "15.0.1",
        "stream-browserify": "3.0.0",
        "tsd": "0.25.0",
        "typescript": "4.9.5",
        "uuid": "9.0.0",
        "webpack": "5.75.0"
      },
      "engines": {
        "node": ">=12.0.0"
      },
      "funding": {
        "type": "opencollective",
        "url": "https://opencollective.com/mongoose"
      }
    },
    "../../node_modules/.pnpm/next-auth@4.24.3_next@13.5.6_nodemailer@6.9.6_react-dom@18.2.0_react@18.2.0/node_modules/next-auth": {
      "version": "4.24.3",
      "license": "ISC",
      "dependencies": {
        "@babel/runtime": "^7.20.13",
        "@panva/hkdf": "^1.0.2",
        "cookie": "^0.5.0",
        "jose": "^4.11.4",
        "oauth": "^0.9.15",
        "openid-client": "^5.4.0",
        "preact": "^10.6.3",
        "preact-render-to-string": "^5.1.19",
        "uuid": "^8.3.2"
      },
      "devDependencies": {
        "@babel/cli": "^7.17.10",
        "@babel/core": "^7.18.2",
        "@babel/plugin-proposal-optional-catch-binding": "^7.16.7",
        "@babel/plugin-transform-runtime": "^7.18.2",
        "@babel/preset-env": "^7.18.2",
        "@babel/preset-react": "^7.17.12",
        "@babel/preset-typescript": "^7.17.12",
        "@edge-runtime/jest-environment": "1.1.0-beta.35",
        "@next-auth/tsconfig": "workspace:*",
        "@swc/core": "^1.2.198",
        "@swc/jest": "^0.2.21",
        "@testing-library/dom": "^8.13.0",
        "@testing-library/jest-dom": "^5.16.4",
        "@testing-library/react": "^13.3.0",
        "@testing-library/react-hooks": "^8.0.0",
        "@testing-library/user-event": "^14.2.0",
        "@types/jest": "^28.1.3",
        "@types/node": "^17.0.42",
        "@types/nodemailer": "^6.4.4",
        "@types/oauth": "^0.9.1",
        "@types/react": "18.0.37",
        "@types/react-dom": "^18.0.6",
        "autoprefixer": "^10.4.7",
        "babel-plugin-jsx-pragmatic": "^1.0.2",
        "babel-preset-preact": "^2.0.0",
        "concurrently": "^7",
        "cssnano": "^5.1.11",
        "jest": "^28.1.1",
        "jest-environment-jsdom": "^28.1.1",
        "jest-watch-typeahead": "^1.1.0",
        "msw": "^0.42.3",
        "next": "13.3.0",
        "postcss": "^8.4.14",
        "postcss-cli": "^9.1.0",
        "postcss-nested": "^5.0.6",
        "react": "^18",
        "react-dom": "^18",
        "whatwg-fetch": "^3.6.2"
      },
      "peerDependencies": {
        "next": "^12.2.5 || ^13",
        "nodemailer": "^6.6.5",
        "react": "^17.0.2 || ^18",
        "react-dom": "^17.0.2 || ^18"
      },
      "peerDependenciesMeta": {
        "nodemailer": {
          "optional": true
        }
      }
    },
    "../../node_modules/.pnpm/next@13.5.6_@babel+core@7.23.2_react-dom@18.2.0_react@18.2.0/node_modules/next": {
      "version": "13.5.6",
      "license": "MIT",
      "dependencies": {
        "@next/env": "13.5.6",
        "@swc/helpers": "0.5.2",
        "busboy": "1.6.0",
        "caniuse-lite": "^1.0.30001406",
        "postcss": "8.4.31",
        "styled-jsx": "5.1.1",
        "watchpack": "2.4.0"
      },
      "bin": {
        "next": "dist/bin/next"
      },
      "devDependencies": {
        "@ampproject/toolbox-optimizer": "2.8.3",
        "@babel/code-frame": "7.12.11",
        "@babel/core": "7.18.0",
        "@babel/eslint-parser": "7.18.2",
        "@babel/generator": "7.18.0",
        "@babel/plugin-proposal-class-properties": "7.14.5",
        "@babel/plugin-proposal-export-namespace-from": "7.14.5",
        "@babel/plugin-proposal-numeric-separator": "7.14.5",
        "@babel/plugin-proposal-object-rest-spread": "7.14.7",
        "@babel/plugin-syntax-bigint": "7.8.3",
        "@babel/plugin-syntax-dynamic-import": "7.8.3",
        "@babel/plugin-syntax-import-assertions": "7.16.7",
        "@babel/plugin-syntax-jsx": "7.14.5",
        "@babel/plugin-transform-modules-commonjs": "7.18.0",
        "@babel/plugin-transform-runtime": "7.18.0",
        "@babel/preset-env": "7.18.0",
        "@babel/preset-react": "7.14.5",
        "@babel/preset-typescript": "7.17.12",
        "@babel/runtime": "7.15.4",
        "@babel/traverse": "7.18.0",
        "@babel/types": "7.18.0",
        "@capsizecss/metrics": "1.1.0",
        "@edge-runtime/cookies": "4.0.2",
        "@edge-runtime/ponyfill": "2.4.1",
        "@edge-runtime/primitives": "4.0.2",
        "@hapi/accept": "5.0.2",
        "@jest/transform": "29.5.0",
        "@jest/types": "29.5.0",
        "@mswjs/interceptors": "0.23.0",
        "@napi-rs/cli": "2.16.2",
        "@napi-rs/triples": "1.1.0",
        "@next/polyfill-module": "13.5.6",
        "@next/polyfill-nomodule": "13.5.6",
        "@next/react-dev-overlay": "13.5.6",
        "@next/react-refresh-utils": "13.5.6",
        "@next/swc": "13.5.6",
        "@opentelemetry/api": "1.4.1",
        "@playwright/test": "^1.35.1",
        "@taskr/clear": "1.1.0",
        "@taskr/esnext": "1.1.0",
        "@types/amphtml-validator": "1.0.0",
        "@types/babel__code-frame": "7.0.2",
        "@types/babel__core": "7.1.12",
        "@types/babel__generator": "7.6.2",
        "@types/babel__template": "7.4.0",
        "@types/babel__traverse": "7.11.0",
        "@types/bytes": "3.1.1",
        "@types/ci-info": "2.0.0",
        "@types/compression": "0.0.36",
        "@types/content-disposition": "0.5.4",
        "@types/content-type": "1.1.3",
        "@types/cookie": "0.3.3",
        "@types/cross-spawn": "6.0.0",
        "@types/debug": "4.1.5",
        "@types/express-serve-static-core": "4.17.33",
        "@types/fresh": "0.5.0",
        "@types/glob": "7.1.1",
        "@types/jsonwebtoken": "9.0.0",
        "@types/lodash": "4.14.198",
        "@types/lodash.curry": "4.1.6",
        "@types/lru-cache": "5.1.0",
        "@types/micromatch": "4.0.2",
        "@types/path-to-regexp": "1.7.0",
        "@types/platform": "1.3.4",
        "@types/react": "18.2.5",
        "@types/react-dom": "18.2.3",
        "@types/react-is": "17.0.3",
        "@types/semver": "7.3.1",
        "@types/send": "0.14.4",
        "@types/shell-quote": "1.7.1",
        "@types/tar": "6.1.5",
        "@types/text-table": "0.2.1",
        "@types/ua-parser-js": "0.7.36",
        "@types/uuid": "8.3.1",
        "@types/webpack-sources1": "npm:@types/webpack-sources@0.1.5",
        "@types/ws": "8.2.0",
        "@vercel/ncc": "0.34.0",
        "@vercel/nft": "0.22.6",
        "@vercel/turbopack-ecmascript-runtime": "https://gitpkg-fork.vercel.sh/vercel/turbo/crates/turbopack-ecmascript-runtime/js?turbopack-231013.3",
        "acorn": "8.5.0",
        "amphtml-validator": "1.0.35",
        "anser": "1.4.9",
        "arg": "4.1.0",
        "assert": "2.0.0",
        "async-retry": "1.2.3",
        "async-sema": "3.0.0",
        "babel-plugin-transform-define": "2.0.0",
        "babel-plugin-transform-react-remove-prop-types": "0.4.24",
        "browserify-zlib": "0.2.0",
        "browserslist": "4.20.2",
        "buffer": "5.6.0",
        "bytes": "3.1.1",
        "ci-info": "watson/ci-info#f43f6a1cefff47fb361c88cf4b943fdbcaafe540",
        "cli-select": "1.1.2",
        "client-only": "0.0.1",
        "comment-json": "3.0.3",
        "compression": "1.7.4",
        "conf": "5.0.0",
        "constants-browserify": "1.0.0",
        "content-disposition": "0.5.3",
        "content-type": "1.0.4",
        "cookie": "0.4.1",
        "cross-spawn": "7.0.3",
        "crypto-browserify": "3.12.0",
        "css.escape": "1.5.1",
        "cssnano-preset-default": "5.2.14",
        "data-uri-to-buffer": "3.0.1",
        "debug": "4.1.1",
        "devalue": "2.0.1",
        "domain-browser": "4.19.0",
        "edge-runtime": "2.5.4",
        "events": "3.3.0",
        "find-cache-dir": "3.3.1",
        "find-up": "4.1.0",
        "fresh": "0.5.2",
        "get-orientation": "1.1.2",
        "glob": "7.1.7",
        "gzip-size": "5.1.1",
        "http-proxy": "1.18.1",
        "http-proxy-agent": "5.0.0",
        "https-browserify": "1.0.0",
        "https-proxy-agent": "5.0.1",
        "icss-utils": "5.1.0",
        "ignore-loader": "0.1.2",
        "image-size": "1.0.0",
        "is-docker": "2.0.0",
        "is-wsl": "2.2.0",
        "jest-worker": "27.5.1",
        "json5": "2.2.3",
        "jsonwebtoken": "9.0.0",
        "loader-runner": "4.3.0",
        "loader-utils2": "npm:loader-utils@2.0.0",
        "loader-utils3": "npm:loader-utils@3.1.3",
        "lodash.curry": "4.1.1",
        "lru-cache": "5.1.1",
        "micromatch": "4.0.4",
        "mini-css-extract-plugin": "2.4.3",
        "msw": "1.3.0",
        "nanoid": "3.1.32",
        "native-url": "0.3.4",
        "neo-async": "2.6.1",
        "node-html-parser": "5.3.3",
        "ora": "4.0.4",
        "os-browserify": "0.3.0",
        "p-limit": "3.1.0",
        "path-browserify": "1.0.1",
        "path-to-regexp": "6.1.0",
        "platform": "1.3.6",
        "postcss-flexbugs-fixes": "5.0.2",
        "postcss-modules-extract-imports": "3.0.0",
        "postcss-modules-local-by-default": "4.0.0",
        "postcss-modules-scope": "3.0.0",
        "postcss-modules-values": "4.0.0",
        "postcss-preset-env": "7.4.3",
        "postcss-safe-parser": "6.0.0",
        "postcss-scss": "4.0.3",
        "postcss-value-parser": "4.2.0",
        "process": "0.11.10",
        "punycode": "2.1.1",
        "querystring-es3": "0.2.1",
        "raw-body": "2.4.1",
        "react-is": "18.2.0",
        "react-refresh": "0.12.0",
        "regenerator-runtime": "0.13.4",
        "sass-loader": "12.4.0",
        "schema-utils2": "npm:schema-utils@2.7.1",
        "schema-utils3": "npm:schema-utils@3.0.0",
        "semver": "7.3.2",
        "send": "0.17.1",
        "server-only": "0.0.1",
        "setimmediate": "1.0.5",
        "shell-quote": "1.7.3",
        "source-map": "0.6.1",
        "stacktrace-parser": "0.1.10",
        "stream-browserify": "3.0.0",
        "stream-http": "3.1.1",
        "strict-event-emitter": "0.5.0",
        "string_decoder": "1.3.0",
        "string-hash": "1.1.3",
        "strip-ansi": "6.0.0",
        "superstruct": "1.0.3",
        "tar": "6.1.15",
        "taskr": "1.1.0",
        "terser": "5.14.1",
        "terser-webpack-plugin": "5.3.9",
        "text-table": "0.2.0",
        "timers-browserify": "2.0.12",
        "tty-browserify": "0.0.1",
        "ua-parser-js": "1.0.35",
        "undici": "5.26.3",
        "unistore": "3.4.1",
        "util": "0.12.4",
        "uuid": "8.3.2",
        "vm-browserify": "1.1.2",
        "watchpack": "2.4.0",
        "web-vitals": "3.0.0",
        "webpack": "5.86.0",
        "webpack-sources1": "npm:webpack-sources@1.4.3",
        "webpack-sources3": "npm:webpack-sources@3.2.3",
        "ws": "8.2.3",
        "zod": "3.22.3"
      },
      "engines": {
        "node": ">=16.14.0"
      },
      "optionalDependencies": {
        "@next/swc-darwin-arm64": "13.5.6",
        "@next/swc-darwin-x64": "13.5.6",
        "@next/swc-linux-arm64-gnu": "13.5.6",
        "@next/swc-linux-arm64-musl": "13.5.6",
        "@next/swc-linux-x64-gnu": "13.5.6",
        "@next/swc-linux-x64-musl": "13.5.6",
        "@next/swc-win32-arm64-msvc": "13.5.6",
        "@next/swc-win32-ia32-msvc": "13.5.6",
        "@next/swc-win32-x64-msvc": "13.5.6"
      },
      "peerDependencies": {
        "@opentelemetry/api": "^1.1.0",
        "react": "^18.2.0",
        "react-dom": "^18.2.0",
        "sass": "^1.3.0"
      },
      "peerDependenciesMeta": {
        "@opentelemetry/api": {
          "optional": true
        },
        "sass": {
          "optional": true
        }
      }
    },
    "../../node_modules/.pnpm/nodemailer@6.9.6/node_modules/nodemailer": {
      "version": "6.9.6",
      "license": "MIT-0",
      "devDependencies": {
        "@aws-sdk/client-ses": "3.427.0",
        "aws-sdk": "2.1472.0",
        "bunyan": "1.8.15",
        "chai": "4.3.10",
        "eslint-config-nodemailer": "1.2.0",
        "eslint-config-prettier": "9.0.0",
        "grunt": "1.6.1",
        "grunt-cli": "1.4.3",
        "grunt-eslint": "24.3.0",
        "grunt-mocha-test": "0.13.3",
        "libbase64": "1.2.1",
        "libmime": "5.2.1",
        "libqp": "2.0.1",
        "mocha": "10.2.0",
        "nodemailer-ntlm-auth": "1.0.4",
        "proxy": "1.0.2",
        "proxy-test-server": "1.0.0",
        "sinon": "16.1.0",
        "smtp-server": "3.13.0"
      },
      "engines": {
        "node": ">=6.0.0"
      }
    },
    "../../node_modules/.pnpm/postcss@8.4.31/node_modules/postcss": {
      "version": "8.4.31",
      "dev": true,
      "funding": [
        {
          "type": "opencollective",
          "url": "https://opencollective.com/postcss/"
        },
        {
          "type": "tidelift",
          "url": "https://tidelift.com/funding/github/npm/postcss"
        },
        {
          "type": "github",
          "url": "https://github.com/sponsors/ai"
        }
      ],
      "license": "MIT",
      "dependencies": {
        "nanoid": "^3.3.6",
        "picocolors": "^1.0.0",
        "source-map-js": "^1.0.2"
      },
      "engines": {
        "node": "^10 || ^12 || >=14"
      }
    },
    "../../node_modules/.pnpm/react-dom@18.2.0_react@18.2.0/node_modules/react-dom": {
      "version": "18.2.0",
      "license": "MIT",
      "dependencies": {
        "loose-envify": "^1.1.0",
        "scheduler": "^0.23.0"
      },
      "peerDependencies": {
        "react": "^18.2.0"
      }
    },
    "../../node_modules/.pnpm/react-icons@4.11.0_react@18.2.0/node_modules/react-icons": {
      "version": "4.11.0",
      "license": "MIT",
      "peerDependencies": {
        "react": "*"
      }
    },
    "../../node_modules/.pnpm/react@18.2.0/node_modules/react": {
      "version": "18.2.0",
      "license": "MIT",
      "dependencies": {
        "loose-envify": "^1.1.0"
      },
      "engines": {
        "node": ">=0.10.0"
      }
    },
    "../../node_modules/.pnpm/tailwindcss@3.3.3/node_modules/tailwindcss": {
      "version": "3.3.3",
      "dev": true,
      "license": "MIT",
      "dependencies": {
        "@alloc/quick-lru": "^5.2.0",
        "arg": "^5.0.2",
        "chokidar": "^3.5.3",
        "didyoumean": "^1.2.2",
        "dlv": "^1.1.3",
        "fast-glob": "^3.2.12",
        "glob-parent": "^6.0.2",
        "is-glob": "^4.0.3",
        "jiti": "^1.18.2",
        "lilconfig": "^2.1.0",
        "micromatch": "^4.0.5",
        "normalize-path": "^3.0.0",
        "object-hash": "^3.0.0",
        "picocolors": "^1.0.0",
        "postcss": "^8.4.23",
        "postcss-import": "^15.1.0",
        "postcss-js": "^4.0.1",
        "postcss-load-config": "^4.0.1",
        "postcss-nested": "^6.0.1",
        "postcss-selector-parser": "^6.0.11",
        "resolve": "^1.22.2",
        "sucrase": "^3.32.0"
      },
      "bin": {
        "tailwind": "lib/cli.js",
        "tailwindcss": "lib/cli.js"
      },
      "devDependencies": {
        "@swc/cli": "^0.1.62",
        "@swc/core": "^1.3.55",
        "@swc/jest": "^0.2.26",
        "@swc/register": "^0.1.10",
        "autoprefixer": "^10.4.14",
        "browserslist": "^4.21.5",
        "concurrently": "^8.0.1",
        "cssnano": "^6.0.0",
        "esbuild": "^0.17.18",
        "eslint": "^8.39.0",
        "eslint-config-prettier": "^8.8.0",
        "eslint-plugin-prettier": "^4.2.1",
        "jest": "^29.5.0",
        "jest-diff": "^29.5.0",
        "lightningcss": "1.18.0",
        "prettier": "^2.8.8",
        "rimraf": "^5.0.0",
        "source-map-js": "^1.0.2",
        "turbo": "^1.9.3"
      },
      "engines": {
        "node": ">=14.0.0"
      }
    },
    "../../node_modules/.pnpm/typescript@5.2.2/node_modules/typescript": {
      "version": "5.2.2",
      "dev": true,
      "license": "Apache-2.0",
      "bin": {
        "tsc": "bin/tsc",
        "tsserver": "bin/tsserver"
      },
      "devDependencies": {
        "@esfx/canceltoken": "^1.0.0",
        "@octokit/rest": "^19.0.13",
        "@types/chai": "^4.3.4",
        "@types/fs-extra": "^9.0.13",
        "@types/glob": "^8.1.0",
        "@types/microsoft__typescript-etw": "^0.1.1",
        "@types/minimist": "^1.2.2",
        "@types/mocha": "^10.0.1",
        "@types/ms": "^0.7.31",
        "@types/node": "latest",
        "@types/source-map-support": "^0.5.6",
        "@types/which": "^2.0.1",
        "@typescript-eslint/eslint-plugin": "^6.0.0",
        "@typescript-eslint/parser": "^6.0.0",
        "@typescript-eslint/utils": "^6.0.0",
        "azure-devops-node-api": "^12.0.0",
        "c8": "^7.14.0",
        "chai": "^4.3.7",
        "chalk": "^4.1.2",
        "chokidar": "^3.5.3",
        "del": "^6.1.1",
        "diff": "^5.1.0",
        "esbuild": "^0.18.1",
        "eslint": "^8.22.0",
        "eslint-formatter-autolinkable-stylish": "^1.2.0",
        "eslint-plugin-local": "^1.0.0",
        "eslint-plugin-no-null": "^1.0.2",
        "eslint-plugin-simple-import-sort": "^10.0.0",
        "fast-xml-parser": "^4.0.11",
        "fs-extra": "^9.1.0",
        "glob": "^8.1.0",
        "hereby": "^1.6.4",
        "jsonc-parser": "^3.2.0",
        "minimist": "^1.2.8",
        "mocha": "^10.2.0",
        "mocha-fivemat-progress-reporter": "^0.1.0",
        "ms": "^2.1.3",
        "node-fetch": "^3.2.10",
        "source-map-support": "^0.5.21",
        "tslib": "^2.5.0",
        "typescript": "^5.0.2",
        "which": "^2.0.2"
      },
      "engines": {
        "node": ">=14.17"
      }
    },
    "node_modules/@courselit/components-library": {
      "resolved": "../../node_modules/.pnpm/@courselit+components-library@0.38.1_@codemirror+view@6.22.0_@emotion+react@11.11.1_@lezer+co_66gczrwkzldn4hwddjrbwqxtrq/node_modules/@courselit/components-library",
      "link": true
    },
    "node_modules/@radix-ui/react-icons": {
      "resolved": "../../node_modules/.pnpm/@radix-ui+react-icons@1.3.0_react@18.2.0/node_modules/@radix-ui/react-icons",
      "link": true
    },
    "node_modules/@types/json-schema": {
      "resolved": "../../node_modules/.pnpm/@types+json-schema@7.0.14/node_modules/@types/json-schema",
      "link": true
    },
    "node_modules/@types/node": {
      "resolved": "../../node_modules/.pnpm/@types+node@20.8.7/node_modules/@types/node",
      "link": true
    },
    "node_modules/@types/nodemailer": {
      "resolved": "../../node_modules/.pnpm/@types+nodemailer@6.4.13/node_modules/@types/nodemailer",
      "link": true
    },
    "node_modules/@types/react": {
      "resolved": "../../node_modules/.pnpm/@types+react@18.2.31/node_modules/@types/react",
      "link": true
    },
    "node_modules/@types/react-dom": {
      "resolved": "../../node_modules/.pnpm/@types+react-dom@18.2.14/node_modules/@types/react-dom",
      "link": true
    },
    "node_modules/autoprefixer": {
      "resolved": "../../node_modules/.pnpm/autoprefixer@10.4.16_postcss@8.4.31/node_modules/autoprefixer",
      "link": true
    },
    "node_modules/eslint": {
      "resolved": "../../node_modules/.pnpm/eslint@8.51.0/node_modules/eslint",
      "link": true
    },
    "node_modules/eslint-config-next": {
      "resolved": "../../node_modules/.pnpm/eslint-config-next@13.5.6_eslint@8.51.0_typescript@5.2.2/node_modules/eslint-config-next",
      "link": true
    },
    "node_modules/mongodb": {
      "resolved": "../../node_modules/.pnpm/mongodb@6.2.0/node_modules/mongodb",
      "link": true
    },
    "node_modules/mongoose": {
      "resolved": "../../node_modules/.pnpm/mongoose@6.12.1/node_modules/mongoose",
      "link": true
    },
    "node_modules/next": {
      "resolved": "../../node_modules/.pnpm/next@13.5.6_@babel+core@7.23.2_react-dom@18.2.0_react@18.2.0/node_modules/next",
      "link": true
    },
    "node_modules/next-auth": {
      "resolved": "../../node_modules/.pnpm/next-auth@4.24.3_next@13.5.6_nodemailer@6.9.6_react-dom@18.2.0_react@18.2.0/node_modules/next-auth",
      "link": true
    },
    "node_modules/nodemailer": {
      "resolved": "../../node_modules/.pnpm/nodemailer@6.9.6/node_modules/nodemailer",
      "link": true
    },
    "node_modules/postcss": {
      "resolved": "../../node_modules/.pnpm/postcss@8.4.31/node_modules/postcss",
      "link": true
    },
    "node_modules/react": {
      "resolved": "../../node_modules/.pnpm/react@18.2.0/node_modules/react",
      "link": true
    },
    "node_modules/react-dom": {
      "resolved": "../../node_modules/.pnpm/react-dom@18.2.0_react@18.2.0/node_modules/react-dom",
      "link": true
    },
    "node_modules/react-icons": {
      "resolved": "../../node_modules/.pnpm/react-icons@4.11.0_react@18.2.0/node_modules/react-icons",
      "link": true
    },
    "node_modules/tailwindcss": {
      "resolved": "../../node_modules/.pnpm/tailwindcss@3.3.3/node_modules/tailwindcss",
      "link": true
    },
    "node_modules/typescript": {
      "resolved": "../../node_modules/.pnpm/typescript@5.2.2/node_modules/typescript",
      "link": true
    },
    "node_modules/@next/swc-darwin-arm64": {
      "version": "13.5.6",
      "resolved": "https://registry.npmjs.org/@next/swc-darwin-arm64/-/swc-darwin-arm64-13.5.6.tgz",
      "integrity": "sha512-5nvXMzKtZfvcu4BhtV0KH1oGv4XEW+B+jOfmBdpFI3C7FrB/MfujRpWYSBBO64+qbW8pkZiSyQv9eiwnn5VIQA==",
      "cpu": [
        "arm64"
      ],
      "optional": true,
      "os": [
        "darwin"
      ],
      "engines": {
        "node": ">= 10"
      }
    },
    "node_modules/@next/swc-darwin-x64": {
      "version": "13.5.6",
      "resolved": "https://registry.npmjs.org/@next/swc-darwin-x64/-/swc-darwin-x64-13.5.6.tgz",
      "integrity": "sha512-6cgBfxg98oOCSr4BckWjLLgiVwlL3vlLj8hXg2b+nDgm4bC/qVXXLfpLB9FHdoDu4057hzywbxKvmYGmi7yUzA==",
      "cpu": [
        "x64"
      ],
      "optional": true,
      "os": [
        "darwin"
      ],
      "engines": {
        "node": ">= 10"
      }
    },
    "node_modules/@next/swc-linux-arm64-gnu": {
      "version": "13.5.6",
      "resolved": "https://registry.npmjs.org/@next/swc-linux-arm64-gnu/-/swc-linux-arm64-gnu-13.5.6.tgz",
      "integrity": "sha512-txagBbj1e1w47YQjcKgSU4rRVQ7uF29YpnlHV5xuVUsgCUf2FmyfJ3CPjZUvpIeXCJAoMCFAoGnbtX86BK7+sg==",
      "cpu": [
        "arm64"
      ],
      "optional": true,
      "os": [
        "linux"
      ],
      "engines": {
        "node": ">= 10"
      }
    },
    "node_modules/@next/swc-linux-arm64-musl": {
      "version": "13.5.6",
      "resolved": "https://registry.npmjs.org/@next/swc-linux-arm64-musl/-/swc-linux-arm64-musl-13.5.6.tgz",
      "integrity": "sha512-cGd+H8amifT86ZldVJtAKDxUqeFyLWW+v2NlBULnLAdWsiuuN8TuhVBt8ZNpCqcAuoruoSWynvMWixTFcroq+Q==",
      "cpu": [
        "arm64"
      ],
      "optional": true,
      "os": [
        "linux"
      ],
      "engines": {
        "node": ">= 10"
      }
    },
    "node_modules/@next/swc-linux-x64-gnu": {
      "version": "13.5.6",
      "resolved": "https://registry.npmjs.org/@next/swc-linux-x64-gnu/-/swc-linux-x64-gnu-13.5.6.tgz",
      "integrity": "sha512-Mc2b4xiIWKXIhBy2NBTwOxGD3nHLmq4keFk+d4/WL5fMsB8XdJRdtUlL87SqVCTSaf1BRuQQf1HvXZcy+rq3Nw==",
      "cpu": [
        "x64"
      ],
      "optional": true,
      "os": [
        "linux"
      ],
      "engines": {
        "node": ">= 10"
      }
    },
    "node_modules/@next/swc-linux-x64-musl": {
      "version": "13.5.6",
      "resolved": "https://registry.npmjs.org/@next/swc-linux-x64-musl/-/swc-linux-x64-musl-13.5.6.tgz",
      "integrity": "sha512-CFHvP9Qz98NruJiUnCe61O6GveKKHpJLloXbDSWRhqhkJdZD2zU5hG+gtVJR//tyW897izuHpM6Gtf6+sNgJPQ==",
      "cpu": [
        "x64"
      ],
      "optional": true,
      "os": [
        "linux"
      ],
      "engines": {
        "node": ">= 10"
      }
    },
    "node_modules/@next/swc-win32-arm64-msvc": {
      "version": "13.5.6",
      "resolved": "https://registry.npmjs.org/@next/swc-win32-arm64-msvc/-/swc-win32-arm64-msvc-13.5.6.tgz",
      "integrity": "sha512-aFv1ejfkbS7PUa1qVPwzDHjQWQtknzAZWGTKYIAaS4NMtBlk3VyA6AYn593pqNanlicewqyl2jUhQAaFV/qXsg==",
      "cpu": [
        "arm64"
      ],
      "optional": true,
      "os": [
        "win32"
      ],
      "engines": {
        "node": ">= 10"
      }
    },
    "node_modules/@next/swc-win32-ia32-msvc": {
      "version": "13.5.6",
      "resolved": "https://registry.npmjs.org/@next/swc-win32-ia32-msvc/-/swc-win32-ia32-msvc-13.5.6.tgz",
      "integrity": "sha512-XqqpHgEIlBHvzwG8sp/JXMFkLAfGLqkbVsyN+/Ih1mR8INb6YCc2x/Mbwi6hsAgUnqQztz8cvEbHJUbSl7RHDg==",
      "cpu": [
        "ia32"
      ],
      "optional": true,
      "os": [
        "win32"
      ],
      "engines": {
        "node": ">= 10"
      }
    },
    "node_modules/@next/swc-win32-x64-msvc": {
      "version": "13.5.6",
      "resolved": "https://registry.npmjs.org/@next/swc-win32-x64-msvc/-/swc-win32-x64-msvc-13.5.6.tgz",
      "integrity": "sha512-Cqfe1YmOS7k+5mGu92nl5ULkzpKuxJrP3+4AEuPmrpFZ3BHxTY3TnHmU1On3bFmFFs6FbTcdF58CCUProGpIGQ==",
      "cpu": [
        "x64"
      ],
      "optional": true,
      "os": [
        "win32"
      ],
      "engines": {
        "node": ">= 10"
      }
    }
  }
}
